
Microsoft Visual Studio Solution File, Format Version 12.00
# Visual Studio Version 17
VisualStudioVersion = 17.3.32804.467
MinimumVisualStudioVersion = 10.0.40219.1
Project("{FAE04EC0-301F-11D3-BF4B-00C04F79EFBC}") = "Phase1Project3", "FileProject2\Phase1Project3.csproj", "{1F931169-B10A-4128-BCFB-3E39B5FD1785}"
EndProject
Global
	GlobalSection(SolutionConfigurationPlatforms) = preSolution
		Debug|Any CPU = Debug|Any CPU
		Release|Any CPU = Release|Any CPU
	EndGlobalSection
	GlobalSection(ProjectConfigurationPlatforms) = postSolution
		{1F931169-B10A-4128-BCFB-3E39B5FD1785}.Debug|Any CPU.ActiveCfg = Debug|Any CPU
		{1F931169-B10A-4128-BCFB-3E39B5FD1785}.Debug|Any CPU.Build.0 = Debug|Any CPU
		{1F931169-B10A-4128-BCFB-3E39B5FD1785}.Release|Any CPU.ActiveCfg = Release|Any CPU
		{1F931169-B10A-4128-BCFB-3E39B5FD1785}.Release|Any CPU.Build.0 = Release|Any CPU
	EndGlobalSection
	GlobalSection(SolutionProperties) = preSolution
		HideSolutionNode = FALSE
	EndGlobalSection
	GlobalSection(ExtensibilityGlobals) = postSolution
		SolutionGuid = {A38BDA84-8CE6-4B72-B32B-1808DA5CB1EC}
	EndGlobalSection
EndGlobal
